
Microsoft Visual Studio Solution File, Format Version 12.00
# Visual Studio Version 16
VisualStudioVersion = 16.0.29418.71
MinimumVisualStudioVersion = 10.0.40219.1
Project("{FAE04EC0-301F-11D3-BF4B-00C04F79EFBC}") = "RodSteward", "RodSteward\RodSteward.csproj", "{03E703F8-AFF4-4C3E-9A48-DAB14FEBEB8E}"
EndProject
Global
	GlobalSection(SolutionConfigurationPlatforms) = preSolution
		Debug|Any CPU = Debug|Any CPU
		Release|Any CPU = Release|Any CPU
	EndGlobalSection
	GlobalSection(ProjectConfigurationPlatforms) = postSolution
		{03E703F8-AFF4-4C3E-9A48-DAB14FEBEB8E}.Debug|Any CPU.ActiveCfg = Debug|Any CPU
		{03E703F8-AFF4-4C3E-9A48-DAB14FEBEB8E}.Debug|Any CPU.Build.0 = Debug|Any CPU
		{03E703F8-AFF4-4C3E-9A48-DAB14FEBEB8E}.Release|Any CPU.ActiveCfg = Release|Any CPU
		{03E703F8-AFF4-4C3E-9A48-DAB14FEBEB8E}.Release|Any CPU.Build.0 = Release|Any CPU
	EndGlobalSection
	GlobalSection(SolutionProperties) = preSolution
		HideSolutionNode = FALSE
	EndGlobalSection
	GlobalSection(ExtensibilityGlobals) = postSolution
		SolutionGuid = {D4E2C080-99D1-4478-891B-AEBC302057DC}
	EndGlobalSection
EndGlobal
